
Microsoft Visual Studio Solution File, Format Version 12.00
# Visual Studio Version 17
VisualStudioVersion = 17.11.35222.181
MinimumVisualStudioVersion = 10.0.40219.1
Project("{FAE04EC0-301F-11D3-BF4B-00C04F79EFBC}") = "InjectDLL", "InjectDLL\InjectDLL.csproj", "{D7D51CD7-1920-48E0-AFB4-04E3486B4027}"
EndProject
Global
	GlobalSection(SolutionConfigurationPlatforms) = preSolution
		Debug|Any CPU = Debug|Any CPU
		Debug|x64 = Debug|x64
		Release|Any CPU = Release|Any CPU
		Release|x64 = Release|x64
	EndGlobalSection
	GlobalSection(ProjectConfigurationPlatforms) = postSolution
		{D7D51CD7-1920-48E0-AFB4-04E3486B4027}.Debug|Any CPU.ActiveCfg = Debug|Any CPU
		{D7D51CD7-1920-48E0-AFB4-04E3486B4027}.Debug|Any CPU.Build.0 = Debug|Any CPU
		{D7D51CD7-1920-48E0-AFB4-04E3486B4027}.Debug|x64.ActiveCfg = Debug|x64
		{D7D51CD7-1920-48E0-AFB4-04E3486B4027}.Debug|x64.Build.0 = Debug|x64
		{D7D51CD7-1920-48E0-AFB4-04E3486B4027}.Release|Any CPU.ActiveCfg = Release|Any CPU
		{D7D51CD7-1920-48E0-AFB4-04E3486B4027}.Release|Any CPU.Build.0 = Release|Any CPU
		{D7D51CD7-1920-48E0-AFB4-04E3486B4027}.Release|x64.ActiveCfg = Release|x64
		{D7D51CD7-1920-48E0-AFB4-04E3486B4027}.Release|x64.Build.0 = Release|x64
	EndGlobalSection
	GlobalSection(SolutionProperties) = preSolution
		HideSolutionNode = FALSE
	EndGlobalSection
	GlobalSection(ExtensibilityGlobals) = postSolution
		SolutionGuid = {D6B260FB-1CAA-44C4-8C06-D8598525F13A}
	EndGlobalSection
EndGlobal
